{
  "originHash" : "5c60d252dd95dfb6cc3ea408c487131be7e2e2e3da659b6a61757d64cec69d49",
  "pins" : [
    {
      "identity" : "ios-maps-sdk",
      "kind" : "remoteSourceControl",
      "location" : "https://github.com/googlemaps/ios-maps-sdk",
      "state" : {
        "revision" : "a951b24ac0ca7720f87d4be3d5bd539552d13882",
        "version" : "10.15.0"
      }
    },
    {
      "identity" : "mapbox-directions-swift",
      "kind" : "remoteSourceControl",
      "location" : "https://github.com/flitsmeister/mapbox-directions-swift",
      "state" : {
        "revision" : "6c19ecc4e1324887ae3250802b8d13d8d8b3ff2d",
        "version" : "0.23.3"
      }
    },
    {
      "identity" : "maplibre-gl-native-distribution",
      "kind" : "remoteSourceControl",
      "location" : "https://github.com/maplibre/maplibre-gl-native-distribution.git",
      "state" : {
        "revision" : "38b6eb680b84c8eee5c2bb1045ad28ce003fd89d",
        "version" : "6.21.2"
      }
    },
    {
      "identity" : "maplibre-navigation-ios",
      "kind" : "remoteSourceControl",
      "location" : "https://github.com/maplibre/maplibre-navigation-ios",
      "state" : {
        "revision" : "443efb00ce665ea62828637c958ee7c335e3facb",
        "version" : "4.1.0"
      }
    },
    {
      "identity" : "polyline",
      "kind" : "remoteSourceControl",
      "location" : "https://github.com/raphaelmor/Polyline",
      "state" : {
        "revision" : "353f80378dcd8f17eefe8550090c6b1ae3c9da23",
        "version" : "5.1.0"
      }
    },
    {
      "identity" : "solar",
      "kind" : "remoteSourceControl",
      "location" : "https://github.com/ceeK/Solar.git",
      "state" : {
        "revision" : "c2b96f2d5fb7f835b91cefac5e83101f54643901",
        "version" : "3.0.1"
      }
    },
    {
      "identity" : "turf-swift",
      "kind" : "remoteSourceControl",
      "location" : "https://github.com/flitsmeister/turf-swift",
      "state" : {
        "revision" : "b05b4658d1b48eac4127a0d9ebbb5a6f965a8251",
        "version" : "0.2.2"
      }
    }
  ],
  "version" : 3
}
